// !$*UTF8*$!
{
	archiveVersion = 1;
	classes = {
	};
	objectVersion = 46;
	objects = {

/* Begin PBXBuildFile section */
		58CE5E4A1AC6EB350045DEB3 /* AppDelegate.swift in Sources */ = {isa = PBXBuildFile; fileRef = 58CE5E491AC6EB350045DEB3 /* AppDelegate.swift */; };
		58CE5E4C1AC6EB350045DEB3 /* ViewController.swift in Sources */ = {isa = PBXBuildFile; fileRef = 58CE5E4B1AC6EB350045DEB3 /* ViewController.swift */; };
		58CE5E4F1AC6EB350045DEB3 /* Main.storyboard in Resources */ = {isa = PBXBuildFile; fileRef = 58CE5E4D1AC6EB350045DEB3 /* Main.storyboard */; };
		58CE5E511AC6EB350045DEB3 /* Images.xcassets in Resources */ = {isa = PBXBuildFile; fileRef = 58CE5E501AC6EB350045DEB3 /* Images.xcassets */; };
		58CE5E541AC6EB350045DEB3 /* LaunchScreen.xib in Resources */ = {isa = PBXBuildFile; fileRef = 58CE5E521AC6EB350045DEB3 /* LaunchScreen.xib */; };
		58CE5E601AC6EB350045DEB3 /* Cat_YearsTests.swift in Sources */ = {isa = PBXBuildFile; fileRef = 58CE5E5F1AC6EB350045DEB3 /* Cat_YearsTests.swift */; };
		58CE5E6A1AC6EDB50045DEB3 /* cat.png in Resources */ = {isa = PBXBuildFile; fileRef = 58CE5E691AC6EDB50045DEB3 /* cat.png */; };
/* End PBXBuildFile section */

/* Begin PBXContainerItemProxy section */
		58CE5E5A1AC6EB350045DEB3 /* PBXContainerItemProxy */ = {
			isa = PBXContainerItemProxy;
			containerPortal = 58CE5E3C1AC6EB350045DEB3 /* Project object */;
			proxyType = 1;
			remoteGlobalIDString = 58CE5E431AC6EB350045DEB3;
			remoteInfo = "Cat Years";
		};
/* End PBXContainerItemProxy section */

/* Begin PBXFileReference section */
		58CE5E441AC6EB350045DEB3 /* Cat Years.app */ = {isa = PBXFileReference; explicitFileType = wrapper.application; includeInIndex = 0; path = "Cat Years.app"; sourceTree = BUILT_PRODUCTS_DIR; };
		58CE5E481AC6EB350045DEB3 /* Info.plist */ = {isa = PBXFileReference; lastKnownFileType = text.plist.xml; path = Info.plist; sourceTree = "<group>"; };
		58CE5E491AC6EB350045DEB3 /* AppDelegate.swift */ = {isa = PBXFileReference; lastKnownFileType = sourcecode.swift; path = AppDelegate.swift; sourceTree = "<group>"; };
		58CE5E4B1AC6EB350045DEB3 /* ViewController.swift */ = {isa = PBXFileReference; lastKnownFileType = sourcecode.swift; path = ViewController.swift; sourceTree = "<group>"; };
		58CE5E4E1AC6EB350045DEB3 /* Base */ = {isa = PBXFileReference; lastKnownFileType = file.storyboard; name = Base; path = Base.lproj/Main.storyboard; sourceTree = "<group>"; };
		58CE5E501AC6EB350045DEB3 /* Images.xcassets */ = {isa = PBXFileReference; lastKnownFileType = folder.assetcatalog; path = Images.xcassets; sourceTree = "<group>"; };
		58CE5E531AC6EB350045DEB3 /* Base */ = {isa = PBXFileReference; lastKnownFileType = file.xib; name = Base; path = Base.lproj/LaunchScreen.xib; sourceTree = "<group>"; };
		58CE5E591AC6EB350045DEB3 /* Cat YearsTests.xctest */ = {isa = PBXFileReference; explicitFileType = wrapper.cfbundle; includeInIndex = 0; path = "Cat YearsTests.xctest"; sourceTree = BUILT_PRODUCTS_DIR; };
		58CE5E5E1AC6EB350045DEB3 /* Info.plist */ = {isa = PBXFileReference; lastKnownFileType = text.plist.xml; path = Info.plist; sourceTree = "<group>"; };
		58CE5E5F1AC6EB350045DEB3 /* Cat_YearsTests.swift */ = {isa = PBXFileReference; lastKnownFileType = sourcecode.swift; path = Cat_YearsTests.swift; sourceTree = "<group>"; };
		58CE5E691AC6EDB50045DEB3 /* cat.png */ = {isa = PBXFileReference; lastKnownFileType = image.png; path = cat.png; sourceTree = "<group>"; };
/* End PBXFileReference section */

/* Begin PBXFrameworksBuildPhase section */
		58CE5E411AC6EB350045DEB3 /* Frameworks */ = {
			isa = PBXFrameworksBuildPhase;
			buildActionMask = 2147483647;
			files = (
			);
			runOnlyForDeploymentPostprocessing = 0;
		};
		58CE5E561AC6EB350045DEB3 /* Frameworks */ = {
			isa = PBXFrameworksBuildPhase;
			buildActionMask = 2147483647;
			files = (
			);
			runOnlyForDeploymentPostprocessing = 0;
		};
/* End PBXFrameworksBuildPhase section */

/* Begin PBXGroup section */
		58CE5E3B1AC6EB350045DEB3 = {
			isa = PBXGroup;
			children = (
				58CE5E461AC6EB350045DEB3 /* Cat Years */,
				58CE5E5C1AC6EB350045DEB3 /* Cat YearsTests */,
				58CE5E451AC6EB350045DEB3 /* Products */,
			);
			sourceTree = "<group>";
		};
		58CE5E451AC6EB350045DEB3 /* Products */ = {
			isa = PBXGroup;
			children = (
				58CE5E441AC6EB350045DEB3 /* Cat Years.app */,
				58CE5E591AC6EB350045DEB3 /* Cat YearsTests.xctest */,
			);
			name = Products;
			sourceTree = "<group>";
		};
		58CE5E461AC6EB350045DEB3 /* Cat Years */ = {
			isa = PBXGroup;
			children = (
				58CE5E491AC6EB350045DEB3 /* AppDelegate.swift */,
				58CE5E4B1AC6EB350045DEB3 /* ViewController.swift */,
				58CE5E4D1AC6EB350045DEB3 /* Main.storyboard */,
				58CE5E691AC6EDB50045DEB3 /* cat.png */,
				58CE5E501AC6EB350045DEB3 /* Images.xcassets */,
				58CE5E521AC6EB350045DEB3 /* LaunchScreen.xib */,
				58CE5E471AC6EB350045DEB3 /* Supporting Files */,
			);
			path = "Cat Years";
			sourceTree = "<group>";
		};
		58CE5E471AC6EB350045DEB3 /* Supporting Files */ = {
			isa = PBXGroup;
			children = (
				58CE5E481AC6EB350045DEB3 /* Info.plist */,
			);
			name = "Supporting Files";
			sourceTree = "<group>";
		};
		58CE5E5C1AC6EB350045DEB3 /* Cat YearsTests */ = {
			isa = PBXGroup;
			children = (
				58CE5E5F1AC6EB350045DEB3 /* Cat_YearsTests.swift */,
				58CE5E5D1AC6EB350045DEB3 /* Supporting Files */,
			);
			path = "Cat YearsTests";
			sourceTree = "<group>";
		};
		58CE5E5D1AC6EB350045DEB3 /* Supporting Files */ = {
			isa = PBXGroup;
			children = (
				58CE5E5E1AC6EB350045DEB3 /* Info.plist */,
			);
			name = "Supporting Files";
			sourceTree = "<group>";
		};
/* End PBXGroup section */

/* Begin PBXNativeTarget section */
		58CE5E431AC6EB350045DEB3 /* Cat Years */ = {
			isa = PBXNativeTarget;
			buildConfigurationList = 58CE5E631AC6EB350045DEB3 /* Build configuration list for PBXNativeTarget "Cat Years" */;
			buildPhases = (
				58CE5E401AC6EB350045DEB3 /* Sources */,
				58CE5E411AC6EB350045DEB3 /* Frameworks */,
				58CE5E421AC6EB350045DEB3 /* Resources */,
			);
			buildRules = (
			);
			dependencies = (
			);
			name = "Cat Years";
			productName = "Cat Years";
			productReference = 58CE5E441AC6EB350045DEB3 /* Cat Years.app */;
			productType = "com.apple.product-type.application";
		};
		58CE5E581AC6EB350045DEB3 /* Cat YearsTests */ = {
			isa = PBXNativeTarget;
			buildConfigurationList = 58CE5E661AC6EB350045DEB3 /* Build configuration list for PBXNativeTarget "Cat YearsTests" */;
			buildPhases = (
				58CE5E551AC6EB350045DEB3 /* Sources */,
				58CE5E561AC6EB350045DEB3 /* Frameworks */,
				58CE5E571AC6EB350045DEB3 /* Resources */,
			);
			buildRules = (
			);
			dependencies = (
				58CE5E5B1AC6EB350045DEB3 /* PBXTargetDependency */,
			);
			name = "Cat YearsTests";
			productName = "Cat YearsTests";
			productReference = 58CE5E591AC6EB350045DEB3 /* Cat YearsTests.xctest */;
			productType = "com.apple.product-type.bundle.unit-test";
		};
/* End PBXNativeTarget section */

/* Begin PBXProject section */
		58CE5E3C1AC6EB350045DEB3 /* Project object */ = {
			isa = PBXProject;
			attributes = {
				LastUpgradeCheck = 0620;
				ORGANIZATIONNAME = "Dean Hermanudin";
				TargetAttributes = {
					58CE5E431AC6EB350045DEB3 = {
						CreatedOnToolsVersion = 6.2;
					};
					58CE5E581AC6EB350045DEB3 = {
						CreatedOnToolsVersion = 6.2;
						TestTargetID = 58CE5E431AC6EB350045DEB3;
					};
				};
			};
			buildConfigurationList = 58CE5E3F1AC6EB350045DEB3 /* Build configuration list for PBXProject "Cat Years" */;
			compatibilityVersion = "Xcode 3.2";
			developmentRegion = English;
			hasScannedForEncodings = 0;
			knownRegions = (
				en,
				Base,
			);
			mainGroup = 58CE5E3B1AC6EB350045DEB3;
			productRefGroup = 58CE5E451AC6EB350045DEB3 /* Products */;
			projectDirPath = "";
			projectRoot = "";
			targets = (
				58CE5E431AC6EB350045DEB3 /* Cat Years */,
				58CE5E581AC6EB350045DEB3 /* Cat YearsTests */,
			);
		};
/* End PBXProject section */

/* Begin PBXResourcesBuildPhase section */
		58CE5E421AC6EB350045DEB3 /* Resources */ = {
			isa = PBXResourcesBuildPhase;
			buildActionMask = 2147483647;
			files = (
				58CE5E4F1AC6EB350045DEB3 /* Main.storyboard in Resources */,
				58CE5E541AC6EB350045DEB3 /* LaunchScreen.xib in Resources */,
				58CE5E6A1AC6EDB50045DEB3 /* cat.png in Resources */,
				58CE5E511AC6EB350045DEB3 /* Images.xcassets in Resources */,
			);
			runOnlyForDeploymentPostprocessing = 0;
		};
		58CE5E571AC6EB350045DEB3 /* Resources */ = {
			isa = PBXResourcesBuildPhase;
			buildActionMask = 2147483647;
			files = (
			);
			runOnlyForDeploymentPostprocessing = 0;
		};
/* End PBXResourcesBuildPhase section */

/* Begin PBXSourcesBuildPhase section */
		58CE5E401AC6EB350045DEB3 /* Sources */ = {
			isa = PBXSourcesBuildPhase;
			buildActionMask = 2147483647;
			files = (
				58CE5E4C1AC6EB350045DEB3 /* ViewController.swift in Sources */,
				58CE5E4A1AC6EB350045DEB3 /* AppDelegate.swift in Sources */,
			);
			runOnlyForDeploymentPostprocessing = 0;
		};
		58CE5E551AC6EB350045DEB3 /* Sources */ = {
			isa = PBXSourcesBuildPhase;
			buildActionMask = 2147483647;
			files = (
				58CE5E601AC6EB350045DEB3 /* Cat_YearsTests.swift in Sources */,
			);
			runOnlyForDeploymentPostprocessing = 0;
		};
/* End PBXSourcesBuildPhase section */

/* Begin PBXTargetDependency section */
		58CE5E5B1AC6EB350045DEB3 /* PBXTargetDependency */ = {
			isa = PBXTargetDependency;
			target = 58CE5E431AC6EB350045DEB3 /* Cat Years */;
			targetProxy = 58CE5E5A1AC6EB350045DEB3 /* PBXContainerItemProxy */;
		};
/* End PBXTargetDependency section */

/* Begin PBXVariantGroup section */
		58CE5E4D1AC6EB350045DEB3 /* Main.storyboard */ = {
			isa = PBXVariantGroup;
			children = (
				58CE5E4E1AC6EB350045DEB3 /* Base */,
			);
			name = Main.storyboard;
			sourceTree = "<group>";
		};
		58CE5E521AC6EB350045DEB3 /* LaunchScreen.xib */ = {
			isa = PBXVariantGroup;
			children = (
				58CE5E531AC6EB350045DEB3 /* Base */,
			);
			name = LaunchScreen.xib;
			sourceTree = "<group>";
		};
/* End PBXVariantGroup section */

/* Begin XCBuildConfiguration section */
		58CE5E611AC6EB350045DEB3 /* Debug */ = {
			isa = XCBuildConfiguration;
			buildSettings = {
				ALWAYS_SEARCH_USER_PATHS = NO;
				CLANG_CXX_LANGUAGE_STANDARD = "gnu++0x";
				CLANG_CXX_LIBRARY = "libc++";
				CLANG_ENABLE_MODULES = YES;
				CLANG_ENABLE_OBJC_ARC = YES;
				CLANG_WARN_BOOL_CONVERSION = YES;
				CLANG_WARN_CONSTANT_CONVERSION = YES;
				CLANG_WARN_DIRECT_OBJC_ISA_USAGE = YES_ERROR;
				CLANG_WARN_EMPTY_BODY = YES;
				CLANG_WARN_ENUM_CONVERSION = YES;
				CLANG_WARN_INT_CONVERSION = YES;
				CLANG_WARN_OBJC_ROOT_CLASS = YES_ERROR;
				CLANG_WARN_UNREACHABLE_CODE = YES;
				CLANG_WARN__DUPLICATE_METHOD_MATCH = YES;
				"CODE_SIGN_IDENTITY[sdk=iphoneos*]" = "iPhone Developer";
				COPY_PHASE_STRIP = NO;
				ENABLE_STRICT_OBJC_MSGSEND = YES;
				GCC_C_LANGUAGE_STANDARD = gnu99;
				GCC_DYNAMIC_NO_PIC = NO;
				GCC_OPTIMIZATION_LEVEL = 0;
				GCC_PREPROCESSOR_DEFINITIONS = (
					"DEBUG=1",
					"$(inherited)",
				);
				GCC_SYMBOLS_PRIVATE_EXTERN = NO;
				GCC_WARN_64_TO_32_BIT_CONVERSION = YES;
				GCC_WARN_ABOUT_RETURN_TYPE = YES_ERROR;
				GCC_WARN_UNDECLARED_SELECTOR = YES;
				GCC_WARN_UNINITIALIZED_AUTOS = YES_AGGRESSIVE;
				GCC_WARN_UNUSED_FUNCTION = YES;
				GCC_WARN_UNUSED_VARIABLE = YES;
				IPHONEOS_DEPLOYMENT_TARGET = 8.2;
				MTL_ENABLE_DEBUG_INFO = YES;
				ONLY_ACTIVE_ARCH = YES;
				SDKROOT = iphoneos;
				SWIFT_OPTIMIZATION_LEVEL = "-Onone";
			};
			name = Debug;
		};
		58CE5E621AC6EB350045DEB3 /* Release */ = {
			isa = XCBuildConfiguration;
			buildSettings = {
				ALWAYS_SEARCH_USER_PATHS = NO;
				CLANG_CXX_LANGUAGE_STANDARD = "gnu++0x";
				CLANG_CXX_LIBRARY = "libc++";
				CLANG_ENABLE_MODULES = YES;
				CLANG_ENABLE_OBJC_ARC = YES;
				CLANG_WARN_BOOL_CONVERSION = YES;
				CLANG_WARN_CONSTANT_CONVERSION = YES;
				CLANG_WARN_DIRECT_OBJC_ISA_USAGE = YES_ERROR;
				CLANG_WARN_EMPTY_BODY = YES;
				CLANG_WARN_ENUM_CONVERSION = YES;
				CLANG_WARN_INT_CONVERSION = YES;
				CLANG_WARN_OBJC_ROOT_CLASS = YES_ERROR;
				CLANG_WARN_UNREACHABLE_CODE = YES;
				CLANG_WARN__DUPLICATE_METHOD_MATCH = YES;
				"CODE_SIGN_IDENTITY[sdk=iphoneos*]" = "iPhone Developer";
				COPY_PHASE_STRIP = NO;
				ENABLE_NS_ASSERTIONS = NO;
				ENABLE_STRICT_OBJC_MSGSEND = YES;
				GCC_C_LANGUAGE_STANDARD = gnu99;
				GCC_WARN_64_TO_32_BIT_CONVERSION = YES;
				GCC_WARN_ABOUT_RETURN_TYPE = YES_ERROR;
				GCC_WARN_UNDECLARED_SELECTOR = YES;
				GCC_WARN_UNINITIALIZED_AUTOS = YES_AGGRESSIVE;
				GCC_WARN_UNUSED_FUNCTION = YES;
				GCC_WARN_UNUSED_VARIABLE = YES;
				IPHONEOS_DEPLOYMENT_TARGET = 8.2;
				MTL_ENABLE_DEBUG_INFO = NO;
				SDKROOT = iphoneos;
				VALIDATE_PRODUCT = YES;
			};
			name = Release;
		};
		58CE5E641AC6EB350045DEB3 /* Debug */ = {
			isa = XCBuildConfiguration;
			buildSettings = {
				ASSETCATALOG_COMPILER_APPICON_NAME = AppIcon;
				INFOPLIST_FILE = "Cat Years/Info.plist";
				LD_RUNPATH_SEARCH_PATHS = "$(inherited) @executable_path/Frameworks";
				PRODUCT_NAME = "$(TARGET_NAME)";
			};
			name = Debug;
		};
		58CE5E651AC6EB350045DEB3 /* Release */ = {
			isa = XCBuildConfiguration;
			buildSettings = {
				ASSETCATALOG_COMPILER_APPICON_NAME = AppIcon;
				INFOPLIST_FILE = "Cat Years/Info.plist";
				LD_RUNPATH_SEARCH_PATHS = "$(inherited) @executable_path/Frameworks";
				PRODUCT_NAME = "$(TARGET_NAME)";
			};
			name = Release;
		};
		58CE5E671AC6EB350045DEB3 /* Debug */ = {
			isa = XCBuildConfiguration;
			buildSettings = {
				BUNDLE_LOADER = "$(TEST_HOST)";
				FRAMEWORK_SEARCH_PATHS = (
					"$(SDKROOT)/Developer/Library/Frameworks",
					"$(inherited)",
				);
				GCC_PREPROCESSOR_DEFINITIONS = (
					"DEBUG=1",
					"$(inherited)",
				);
				INFOPLIST_FILE = "Cat YearsTests/Info.plist";
				LD_RUNPATH_SEARCH_PATHS = "$(inherited) @executable_path/Frameworks @loader_path/Frameworks";
				PRODUCT_NAME = "$(TARGET_NAME)";
				TEST_HOST = "$(BUILT_PRODUCTS_DIR)/Cat Years.app/Cat Years";
			};
			name = Debug;
		};
		58CE5E681AC6EB350045DEB3 /* Release */ = {
			isa = XCBuildConfiguration;
			buildSettings = {
				BUNDLE_LOADER = "$(TEST_HOST)";
				FRAMEWORK_SEARCH_PATHS = (
					"$(SDKROOT)/Developer/Library/Frameworks",
					"$(inherited)",
				);
				INFOPLIST_FILE = "Cat YearsTests/Info.plist";
				LD_RUNPATH_SEARCH_PATHS = "$(inherited) @executable_path/Frameworks @loader_path/Frameworks";
				PRODUCT_NAME = "$(TARGET_NAME)";
				TEST_HOST = "$(BUILT_PRODUCTS_DIR)/Cat Years.app/Cat Years";
			};
			name = Release;
		};
/* End XCBuildConfiguration section */

/* Begin XCConfigurationList section */
		58CE5E3F1AC6EB350045DEB3 /* Build configuration list for PBXProject "Cat Years" */ = {
			isa = XCConfigurationList;
			buildConfigurations = (
				58CE5E611AC6EB350045DEB3 /* Debug */,
				58CE5E621AC6EB350045DEB3 /* Release */,
			);
			defaultConfigurationIsVisible = 0;
			defaultConfigurationName = Release;
		};
		58CE5E631AC6EB350045DEB3 /* Build configuration list for PBXNativeTarget "Cat Years" */ = {
			isa = XCConfigurationList;
			buildConfigurations = (
				58CE5E641AC6EB350045DEB3 /* Debug */,
				58CE5E651AC6EB350045DEB3 /* Release */,
			);
			defaultConfigurationIsVisible = 0;
		};
		58CE5E661AC6EB350045DEB3 /* Build configuration list for PBXNativeTarget "Cat YearsTests" */ = {
			isa = XCConfigurationList;
			buildConfigurations = (
				58CE5E671AC6EB350045DEB3 /* Debug */,
				58CE5E681AC6EB350045DEB3 /* Release */,
			);
			defaultConfigurationIsVisible = 0;
		};
/* End XCConfigurationList section */
	};
	rootObject = 58CE5E3C1AC6EB350045DEB3 /* Project object */;
}
